
Microsoft Visual Studio Solution File, Format Version 12.00
# Visual Studio 14
VisualStudioVersion = 14.0.25420.1
MinimumVisualStudioVersion = 10.0.40219.1
Project("{FAE04EC0-301F-11D3-BF4B-00C04F79EFBC}") = "XamarinAndSignalRDemo", "XamarinAndSignalRDemo\XamarinAndSignalRDemo\XamarinAndSignalRDemo.csproj", "{A43ECA21-C0BD-4034-958A-C4DBEF1F0281}"
EndProject
Project("{FAE04EC0-301F-11D3-BF4B-00C04F79EFBC}") = "XamarinAndSignalRDemo.UWP", "XamarinAndSignalRDemo\XamarinAndSignalRDemo.UWP\XamarinAndSignalRDemo.UWP.csproj", "{FBC4E739-0C48-4C29-AC0D-B9A6DF84C80F}"
EndProject
Project("{FAE04EC0-301F-11D3-BF4B-00C04F79EFBC}") = "SignalRServer", "SignalRServer\SignalRServer.csproj", "{98D5EAA2-4067-48F5-8EB6-B5FBBDE7F2B0}"
EndProject
Project("{2150E333-8FDC-42A3-9474-1A3956D46DE8}") = "Bank", "Bank", "{911728D3-571B-48C8-AE74-654BAB0AEE65}"
EndProject
Project("{2150E333-8FDC-42A3-9474-1A3956D46DE8}") = "Mobile Client", "Mobile Client", "{DAF1DA42-0BD8-4C80-8E47-77E0B83DB29F}"
EndProject
Project("{FAE04EC0-301F-11D3-BF4B-00C04F79EFBC}") = "BackEndClient", "BackEndClient\BackEndClient.csproj", "{83B35E2B-F278-443F-81EE-DB5995734DDD}"
EndProject
Project("{FAE04EC0-301F-11D3-BF4B-00C04F79EFBC}") = "Common", "Common\Common.csproj", "{3F516911-F19C-49EB-A03F-D4B62A89E0C2}"
EndProject
Global
	GlobalSection(SolutionConfigurationPlatforms) = preSolution
		Ad-Hoc|Any CPU = Ad-Hoc|Any CPU
		Ad-Hoc|ARM = Ad-Hoc|ARM
		Ad-Hoc|iPhone = Ad-Hoc|iPhone
		Ad-Hoc|iPhoneSimulator = Ad-Hoc|iPhoneSimulator
		Ad-Hoc|x64 = Ad-Hoc|x64
		Ad-Hoc|x86 = Ad-Hoc|x86
		AppStore|Any CPU = AppStore|Any CPU
		AppStore|ARM = AppStore|ARM
		AppStore|iPhone = AppStore|iPhone
		AppStore|iPhoneSimulator = AppStore|iPhoneSimulator
		AppStore|x64 = AppStore|x64
		AppStore|x86 = AppStore|x86
		Debug|Any CPU = Debug|Any CPU
		Debug|ARM = Debug|ARM
		Debug|iPhone = Debug|iPhone
		Debug|iPhoneSimulator = Debug|iPhoneSimulator
		Debug|x64 = Debug|x64
		Debug|x86 = Debug|x86
		Release|Any CPU = Release|Any CPU
		Release|ARM = Release|ARM
		Release|iPhone = Release|iPhone
		Release|iPhoneSimulator = Release|iPhoneSimulator
		Release|x64 = Release|x64
		Release|x86 = Release|x86
	EndGlobalSection
	GlobalSection(ProjectConfigurationPlatforms) = postSolution
		{A43ECA21-C0BD-4034-958A-C4DBEF1F0281}.Ad-Hoc|Any CPU.ActiveCfg = Release|Any CPU
		{A43ECA21-C0BD-4034-958A-C4DBEF1F0281}.Ad-Hoc|Any CPU.Build.0 = Release|Any CPU
		{A43ECA21-C0BD-4034-958A-C4DBEF1F0281}.Ad-Hoc|ARM.ActiveCfg = Release|Any CPU
		{A43ECA21-C0BD-4034-958A-C4DBEF1F0281}.Ad-Hoc|ARM.Build.0 = Release|Any CPU
		{A43ECA21-C0BD-4034-958A-C4DBEF1F0281}.Ad-Hoc|iPhone.ActiveCfg = Release|Any CPU
		{A43ECA21-C0BD-4034-958A-C4DBEF1F0281}.Ad-Hoc|iPhone.Build.0 = Release|Any CPU
		{A43ECA21-C0BD-4034-958A-C4DBEF1F0281}.Ad-Hoc|iPhoneSimulator.ActiveCfg = Release|Any CPU
		{A43ECA21-C0BD-4034-958A-C4DBEF1F0281}.Ad-Hoc|iPhoneSimulator.Build.0 = Release|Any CPU
		{A43ECA21-C0BD-4034-958A-C4DBEF1F0281}.Ad-Hoc|x64.ActiveCfg = Release|Any CPU
		{A43ECA21-C0BD-4034-958A-C4DBEF1F0281}.Ad-Hoc|x64.Build.0 = Release|Any CPU
		{A43ECA21-C0BD-4034-958A-C4DBEF1F0281}.Ad-Hoc|x86.ActiveCfg = Release|Any CPU
		{A43ECA21-C0BD-4034-958A-C4DBEF1F0281}.Ad-Hoc|x86.Build.0 = Release|Any CPU
		{A43ECA21-C0BD-4034-958A-C4DBEF1F0281}.AppStore|Any CPU.ActiveCfg = Release|Any CPU
		{A43ECA21-C0BD-4034-958A-C4DBEF1F0281}.AppStore|Any CPU.Build.0 = Release|Any CPU
		{A43ECA21-C0BD-4034-958A-C4DBEF1F0281}.AppStore|ARM.ActiveCfg = Release|Any CPU
		{A43ECA21-C0BD-4034-958A-C4DBEF1F0281}.AppStore|ARM.Build.0 = Release|Any CPU
		{A43ECA21-C0BD-4034-958A-C4DBEF1F0281}.AppStore|iPhone.ActiveCfg = Release|Any CPU
		{A43ECA21-C0BD-4034-958A-C4DBEF1F0281}.AppStore|iPhone.Build.0 = Release|Any CPU
		{A43ECA21-C0BD-4034-958A-C4DBEF1F0281}.AppStore|iPhoneSimulator.ActiveCfg = Release|Any CPU
		{A43ECA21-C0BD-4034-958A-C4DBEF1F0281}.AppStore|iPhoneSimulator.Build.0 = Release|Any CPU
		{A43ECA21-C0BD-4034-958A-C4DBEF1F0281}.AppStore|x64.ActiveCfg = Release|Any CPU
		{A43ECA21-C0BD-4034-958A-C4DBEF1F0281}.AppStore|x64.Build.0 = Release|Any CPU
		{A43ECA21-C0BD-4034-958A-C4DBEF1F0281}.AppStore|x86.ActiveCfg = Release|Any CPU
		{A43ECA21-C0BD-4034-958A-C4DBEF1F0281}.AppStore|x86.Build.0 = Release|Any CPU
		{A43ECA21-C0BD-4034-958A-C4DBEF1F0281}.Debug|Any CPU.ActiveCfg = Debug|Any CPU
		{A43ECA21-C0BD-4034-958A-C4DBEF1F0281}.Debug|Any CPU.Build.0 = Debug|Any CPU
		{A43ECA21-C0BD-4034-958A-C4DBEF1F0281}.Debug|ARM.ActiveCfg = Debug|Any CPU
		{A43ECA21-C0BD-4034-958A-C4DBEF1F0281}.Debug|ARM.Build.0 = Debug|Any CPU
		{A43ECA21-C0BD-4034-958A-C4DBEF1F0281}.Debug|iPhone.ActiveCfg = Debug|Any CPU
		{A43ECA21-C0BD-4034-958A-C4DBEF1F0281}.Debug|iPhone.Build.0 = Debug|Any CPU
		{A43ECA21-C0BD-4034-958A-C4DBEF1F0281}.Debug|iPhoneSimulator.ActiveCfg = Debug|Any CPU
		{A43ECA21-C0BD-4034-958A-C4DBEF1F0281}.Debug|iPhoneSimulator.Build.0 = Debug|Any CPU
		{A43ECA21-C0BD-4034-958A-C4DBEF1F0281}.Debug|x64.ActiveCfg = Debug|Any CPU
		{A43ECA21-C0BD-4034-958A-C4DBEF1F0281}.Debug|x64.Build.0 = Debug|Any CPU
		{A43ECA21-C0BD-4034-958A-C4DBEF1F0281}.Debug|x86.ActiveCfg = Debug|Any CPU
		{A43ECA21-C0BD-4034-958A-C4DBEF1F0281}.Debug|x86.Build.0 = Debug|Any CPU
		{A43ECA21-C0BD-4034-958A-C4DBEF1F0281}.Release|Any CPU.ActiveCfg = Release|Any CPU
		{A43ECA21-C0BD-4034-958A-C4DBEF1F0281}.Release|Any CPU.Build.0 = Release|Any CPU
		{A43ECA21-C0BD-4034-958A-C4DBEF1F0281}.Release|ARM.ActiveCfg = Release|Any CPU
		{A43ECA21-C0BD-4034-958A-C4DBEF1F0281}.Release|ARM.Build.0 = Release|Any CPU
		{A43ECA21-C0BD-4034-958A-C4DBEF1F0281}.Release|iPhone.ActiveCfg = Release|Any CPU
		{A43ECA21-C0BD-4034-958A-C4DBEF1F0281}.Release|iPhone.Build.0 = Release|Any CPU
		{A43ECA21-C0BD-4034-958A-C4DBEF1F0281}.Release|iPhoneSimulator.ActiveCfg = Release|Any CPU
		{A43ECA21-C0BD-4034-958A-C4DBEF1F0281}.Release|iPhoneSimulator.Build.0 = Release|Any CPU
		{A43ECA21-C0BD-4034-958A-C4DBEF1F0281}.Release|x64.ActiveCfg = Release|Any CPU
		{A43ECA21-C0BD-4034-958A-C4DBEF1F0281}.Release|x64.Build.0 = Release|Any CPU
		{A43ECA21-C0BD-4034-958A-C4DBEF1F0281}.Release|x86.ActiveCfg = Release|Any CPU
		{A43ECA21-C0BD-4034-958A-C4DBEF1F0281}.Release|x86.Build.0 = Release|Any CPU
		{FBC4E739-0C48-4C29-AC0D-B9A6DF84C80F}.Ad-Hoc|Any CPU.ActiveCfg = Release|x86
		{FBC4E739-0C48-4C29-AC0D-B9A6DF84C80F}.Ad-Hoc|Any CPU.Build.0 = Release|x86
		{FBC4E739-0C48-4C29-AC0D-B9A6DF84C80F}.Ad-Hoc|Any CPU.Deploy.0 = Release|x86
		{FBC4E739-0C48-4C29-AC0D-B9A6DF84C80F}.Ad-Hoc|ARM.ActiveCfg = Release|ARM
		{FBC4E739-0C48-4C29-AC0D-B9A6DF84C80F}.Ad-Hoc|ARM.Build.0 = Release|ARM
		{FBC4E739-0C48-4C29-AC0D-B9A6DF84C80F}.Ad-Hoc|ARM.Deploy.0 = Release|ARM
		{FBC4E739-0C48-4C29-AC0D-B9A6DF84C80F}.Ad-Hoc|iPhone.ActiveCfg = Release|x86
		{FBC4E739-0C48-4C29-AC0D-B9A6DF84C80F}.Ad-Hoc|iPhone.Build.0 = Release|x86
		{FBC4E739-0C48-4C29-AC0D-B9A6DF84C80F}.Ad-Hoc|iPhone.Deploy.0 = Release|x86
		{FBC4E739-0C48-4C29-AC0D-B9A6DF84C80F}.Ad-Hoc|iPhoneSimulator.ActiveCfg = Release|x86
		{FBC4E739-0C48-4C29-AC0D-B9A6DF84C80F}.Ad-Hoc|iPhoneSimulator.Build.0 = Release|x86
		{FBC4E739-0C48-4C29-AC0D-B9A6DF84C80F}.Ad-Hoc|iPhoneSimulator.Deploy.0 = Release|x86
		{FBC4E739-0C48-4C29-AC0D-B9A6DF84C80F}.Ad-Hoc|x64.ActiveCfg = Release|x64
		{FBC4E739-0C48-4C29-AC0D-B9A6DF84C80F}.Ad-Hoc|x64.Build.0 = Release|x64
		{FBC4E739-0C48-4C29-AC0D-B9A6DF84C80F}.Ad-Hoc|x64.Deploy.0 = Release|x64
		{FBC4E739-0C48-4C29-AC0D-B9A6DF84C80F}.Ad-Hoc|x86.ActiveCfg = Release|x86
		{FBC4E739-0C48-4C29-AC0D-B9A6DF84C80F}.Ad-Hoc|x86.Build.0 = Release|x86
		{FBC4E739-0C48-4C29-AC0D-B9A6DF84C80F}.Ad-Hoc|x86.Deploy.0 = Release|x86
		{FBC4E739-0C48-4C29-AC0D-B9A6DF84C80F}.AppStore|Any CPU.ActiveCfg = Release|x86
		{FBC4E739-0C48-4C29-AC0D-B9A6DF84C80F}.AppStore|Any CPU.Build.0 = Release|x86
		{FBC4E739-0C48-4C29-AC0D-B9A6DF84C80F}.AppStore|Any CPU.Deploy.0 = Release|x86
		{FBC4E739-0C48-4C29-AC0D-B9A6DF84C80F}.AppStore|ARM.ActiveCfg = Release|ARM
		{FBC4E739-0C48-4C29-AC0D-B9A6DF84C80F}.AppStore|ARM.Build.0 = Release|ARM
		{FBC4E739-0C48-4C29-AC0D-B9A6DF84C80F}.AppStore|ARM.Deploy.0 = Release|ARM
		{FBC4E739-0C48-4C29-AC0D-B9A6DF84C80F}.AppStore|iPhone.ActiveCfg = Release|x86
		{FBC4E739-0C48-4C29-AC0D-B9A6DF84C80F}.AppStore|iPhone.Build.0 = Release|x86
		{FBC4E739-0C48-4C29-AC0D-B9A6DF84C80F}.AppStore|iPhone.Deploy.0 = Release|x86
		{FBC4E739-0C48-4C29-AC0D-B9A6DF84C80F}.AppStore|iPhoneSimulator.ActiveCfg = Release|x86
		{FBC4E739-0C48-4C29-AC0D-B9A6DF84C80F}.AppStore|iPhoneSimulator.Build.0 = Release|x86
		{FBC4E739-0C48-4C29-AC0D-B9A6DF84C80F}.AppStore|iPhoneSimulator.Deploy.0 = Release|x86
		{FBC4E739-0C48-4C29-AC0D-B9A6DF84C80F}.AppStore|x64.ActiveCfg = Release|x64
		{FBC4E739-0C48-4C29-AC0D-B9A6DF84C80F}.AppStore|x64.Build.0 = Release|x64
		{FBC4E739-0C48-4C29-AC0D-B9A6DF84C80F}.AppStore|x64.Deploy.0 = Release|x64
		{FBC4E739-0C48-4C29-AC0D-B9A6DF84C80F}.AppStore|x86.ActiveCfg = Release|x86
		{FBC4E739-0C48-4C29-AC0D-B9A6DF84C80F}.AppStore|x86.Build.0 = Release|x86
		{FBC4E739-0C48-4C29-AC0D-B9A6DF84C80F}.AppStore|x86.Deploy.0 = Release|x86
		{FBC4E739-0C48-4C29-AC0D-B9A6DF84C80F}.Debug|Any CPU.ActiveCfg = Debug|x86
		{FBC4E739-0C48-4C29-AC0D-B9A6DF84C80F}.Debug|Any CPU.Build.0 = Debug|x86
		{FBC4E739-0C48-4C29-AC0D-B9A6DF84C80F}.Debug|Any CPU.Deploy.0 = Debug|x86
		{FBC4E739-0C48-4C29-AC0D-B9A6DF84C80F}.Debug|ARM.ActiveCfg = Debug|ARM
		{FBC4E739-0C48-4C29-AC0D-B9A6DF84C80F}.Debug|ARM.Build.0 = Debug|ARM
		{FBC4E739-0C48-4C29-AC0D-B9A6DF84C80F}.Debug|ARM.Deploy.0 = Debug|ARM
		{FBC4E739-0C48-4C29-AC0D-B9A6DF84C80F}.Debug|iPhone.ActiveCfg = Debug|x86
		{FBC4E739-0C48-4C29-AC0D-B9A6DF84C80F}.Debug|iPhone.Build.0 = Debug|x86
		{FBC4E739-0C48-4C29-AC0D-B9A6DF84C80F}.Debug|iPhoneSimulator.ActiveCfg = Debug|x86
		{FBC4E739-0C48-4C29-AC0D-B9A6DF84C80F}.Debug|x64.ActiveCfg = Debug|x64
		{FBC4E739-0C48-4C29-AC0D-B9A6DF84C80F}.Debug|x64.Build.0 = Debug|x64
		{FBC4E739-0C48-4C29-AC0D-B9A6DF84C80F}.Debug|x64.Deploy.0 = Debug|x64
		{FBC4E739-0C48-4C29-AC0D-B9A6DF84C80F}.Debug|x86.ActiveCfg = Debug|x86
		{FBC4E739-0C48-4C29-AC0D-B9A6DF84C80F}.Debug|x86.Build.0 = Debug|x86
		{FBC4E739-0C48-4C29-AC0D-B9A6DF84C80F}.Debug|x86.Deploy.0 = Debug|x86
		{FBC4E739-0C48-4C29-AC0D-B9A6DF84C80F}.Release|Any CPU.ActiveCfg = Release|x86
		{FBC4E739-0C48-4C29-AC0D-B9A6DF84C80F}.Release|ARM.ActiveCfg = Release|ARM
		{FBC4E739-0C48-4C29-AC0D-B9A6DF84C80F}.Release|ARM.Build.0 = Release|ARM
		{FBC4E739-0C48-4C29-AC0D-B9A6DF84C80F}.Release|ARM.Deploy.0 = Release|ARM
		{FBC4E739-0C48-4C29-AC0D-B9A6DF84C80F}.Release|iPhone.ActiveCfg = Release|x86
		{FBC4E739-0C48-4C29-AC0D-B9A6DF84C80F}.Release|iPhoneSimulator.ActiveCfg = Release|x86
		{FBC4E739-0C48-4C29-AC0D-B9A6DF84C80F}.Release|x64.ActiveCfg = Release|x64
		{FBC4E739-0C48-4C29-AC0D-B9A6DF84C80F}.Release|x64.Build.0 = Release|x64
		{FBC4E739-0C48-4C29-AC0D-B9A6DF84C80F}.Release|x64.Deploy.0 = Release|x64
		{FBC4E739-0C48-4C29-AC0D-B9A6DF84C80F}.Release|x86.ActiveCfg = Release|x86
		{FBC4E739-0C48-4C29-AC0D-B9A6DF84C80F}.Release|x86.Build.0 = Release|x86
		{FBC4E739-0C48-4C29-AC0D-B9A6DF84C80F}.Release|x86.Deploy.0 = Release|x86
		{98D5EAA2-4067-48F5-8EB6-B5FBBDE7F2B0}.Ad-Hoc|Any CPU.ActiveCfg = Release|Any CPU
		{98D5EAA2-4067-48F5-8EB6-B5FBBDE7F2B0}.Ad-Hoc|Any CPU.Build.0 = Release|Any CPU
		{98D5EAA2-4067-48F5-8EB6-B5FBBDE7F2B0}.Ad-Hoc|ARM.ActiveCfg = Release|Any CPU
		{98D5EAA2-4067-48F5-8EB6-B5FBBDE7F2B0}.Ad-Hoc|ARM.Build.0 = Release|Any CPU
		{98D5EAA2-4067-48F5-8EB6-B5FBBDE7F2B0}.Ad-Hoc|iPhone.ActiveCfg = Release|Any CPU
		{98D5EAA2-4067-48F5-8EB6-B5FBBDE7F2B0}.Ad-Hoc|iPhone.Build.0 = Release|Any CPU
		{98D5EAA2-4067-48F5-8EB6-B5FBBDE7F2B0}.Ad-Hoc|iPhoneSimulator.ActiveCfg = Release|Any CPU
		{98D5EAA2-4067-48F5-8EB6-B5FBBDE7F2B0}.Ad-Hoc|iPhoneSimulator.Build.0 = Release|Any CPU
		{98D5EAA2-4067-48F5-8EB6-B5FBBDE7F2B0}.Ad-Hoc|x64.ActiveCfg = Release|Any CPU
		{98D5EAA2-4067-48F5-8EB6-B5FBBDE7F2B0}.Ad-Hoc|x64.Build.0 = Release|Any CPU
		{98D5EAA2-4067-48F5-8EB6-B5FBBDE7F2B0}.Ad-Hoc|x86.ActiveCfg = Release|Any CPU
		{98D5EAA2-4067-48F5-8EB6-B5FBBDE7F2B0}.Ad-Hoc|x86.Build.0 = Release|Any CPU
		{98D5EAA2-4067-48F5-8EB6-B5FBBDE7F2B0}.AppStore|Any CPU.ActiveCfg = Release|Any CPU
		{98D5EAA2-4067-48F5-8EB6-B5FBBDE7F2B0}.AppStore|Any CPU.Build.0 = Release|Any CPU
		{98D5EAA2-4067-48F5-8EB6-B5FBBDE7F2B0}.AppStore|ARM.ActiveCfg = Release|Any CPU
		{98D5EAA2-4067-48F5-8EB6-B5FBBDE7F2B0}.AppStore|ARM.Build.0 = Release|Any CPU
		{98D5EAA2-4067-48F5-8EB6-B5FBBDE7F2B0}.AppStore|iPhone.ActiveCfg = Release|Any CPU
		{98D5EAA2-4067-48F5-8EB6-B5FBBDE7F2B0}.AppStore|iPhone.Build.0 = Release|Any CPU
		{98D5EAA2-4067-48F5-8EB6-B5FBBDE7F2B0}.AppStore|iPhoneSimulator.ActiveCfg = Release|Any CPU
		{98D5EAA2-4067-48F5-8EB6-B5FBBDE7F2B0}.AppStore|iPhoneSimulator.Build.0 = Release|Any CPU
		{98D5EAA2-4067-48F5-8EB6-B5FBBDE7F2B0}.AppStore|x64.ActiveCfg = Release|Any CPU
		{98D5EAA2-4067-48F5-8EB6-B5FBBDE7F2B0}.AppStore|x64.Build.0 = Release|Any CPU
		{98D5EAA2-4067-48F5-8EB6-B5FBBDE7F2B0}.AppStore|x86.ActiveCfg = Release|Any CPU
		{98D5EAA2-4067-48F5-8EB6-B5FBBDE7F2B0}.AppStore|x86.Build.0 = Release|Any CPU
		{98D5EAA2-4067-48F5-8EB6-B5FBBDE7F2B0}.Debug|Any CPU.ActiveCfg = Debug|Any CPU
		{98D5EAA2-4067-48F5-8EB6-B5FBBDE7F2B0}.Debug|Any CPU.Build.0 = Debug|Any CPU
		{98D5EAA2-4067-48F5-8EB6-B5FBBDE7F2B0}.Debug|ARM.ActiveCfg = Debug|Any CPU
		{98D5EAA2-4067-48F5-8EB6-B5FBBDE7F2B0}.Debug|ARM.Build.0 = Debug|Any CPU
		{98D5EAA2-4067-48F5-8EB6-B5FBBDE7F2B0}.Debug|iPhone.ActiveCfg = Debug|Any CPU
		{98D5EAA2-4067-48F5-8EB6-B5FBBDE7F2B0}.Debug|iPhone.Build.0 = Debug|Any CPU
		{98D5EAA2-4067-48F5-8EB6-B5FBBDE7F2B0}.Debug|iPhoneSimulator.ActiveCfg = Debug|Any CPU
		{98D5EAA2-4067-48F5-8EB6-B5FBBDE7F2B0}.Debug|iPhoneSimulator.Build.0 = Debug|Any CPU
		{98D5EAA2-4067-48F5-8EB6-B5FBBDE7F2B0}.Debug|x64.ActiveCfg = Debug|Any CPU
		{98D5EAA2-4067-48F5-8EB6-B5FBBDE7F2B0}.Debug|x64.Build.0 = Debug|Any CPU
		{98D5EAA2-4067-48F5-8EB6-B5FBBDE7F2B0}.Debug|x86.ActiveCfg = Debug|Any CPU
		{98D5EAA2-4067-48F5-8EB6-B5FBBDE7F2B0}.Debug|x86.Build.0 = Debug|Any CPU
		{98D5EAA2-4067-48F5-8EB6-B5FBBDE7F2B0}.Release|Any CPU.ActiveCfg = Release|Any CPU
		{98D5EAA2-4067-48F5-8EB6-B5FBBDE7F2B0}.Release|Any CPU.Build.0 = Release|Any CPU
		{98D5EAA2-4067-48F5-8EB6-B5FBBDE7F2B0}.Release|ARM.ActiveCfg = Release|Any CPU
		{98D5EAA2-4067-48F5-8EB6-B5FBBDE7F2B0}.Release|ARM.Build.0 = Release|Any CPU
		{98D5EAA2-4067-48F5-8EB6-B5FBBDE7F2B0}.Release|iPhone.ActiveCfg = Release|Any CPU
		{98D5EAA2-4067-48F5-8EB6-B5FBBDE7F2B0}.Release|iPhone.Build.0 = Release|Any CPU
		{98D5EAA2-4067-48F5-8EB6-B5FBBDE7F2B0}.Release|iPhoneSimulator.ActiveCfg = Release|Any CPU
		{98D5EAA2-4067-48F5-8EB6-B5FBBDE7F2B0}.Release|iPhoneSimulator.Build.0 = Release|Any CPU
		{98D5EAA2-4067-48F5-8EB6-B5FBBDE7F2B0}.Release|x64.ActiveCfg = Release|Any CPU
		{98D5EAA2-4067-48F5-8EB6-B5FBBDE7F2B0}.Release|x64.Build.0 = Release|Any CPU
		{98D5EAA2-4067-48F5-8EB6-B5FBBDE7F2B0}.Release|x86.ActiveCfg = Release|Any CPU
		{98D5EAA2-4067-48F5-8EB6-B5FBBDE7F2B0}.Release|x86.Build.0 = Release|Any CPU
		{83B35E2B-F278-443F-81EE-DB5995734DDD}.Ad-Hoc|Any CPU.ActiveCfg = Release|Any CPU
		{83B35E2B-F278-443F-81EE-DB5995734DDD}.Ad-Hoc|Any CPU.Build.0 = Release|Any CPU
		{83B35E2B-F278-443F-81EE-DB5995734DDD}.Ad-Hoc|ARM.ActiveCfg = Release|Any CPU
		{83B35E2B-F278-443F-81EE-DB5995734DDD}.Ad-Hoc|ARM.Build.0 = Release|Any CPU
		{83B35E2B-F278-443F-81EE-DB5995734DDD}.Ad-Hoc|iPhone.ActiveCfg = Release|Any CPU
		{83B35E2B-F278-443F-81EE-DB5995734DDD}.Ad-Hoc|iPhone.Build.0 = Release|Any CPU
		{83B35E2B-F278-443F-81EE-DB5995734DDD}.Ad-Hoc|iPhoneSimulator.ActiveCfg = Release|Any CPU
		{83B35E2B-F278-443F-81EE-DB5995734DDD}.Ad-Hoc|iPhoneSimulator.Build.0 = Release|Any CPU
		{83B35E2B-F278-443F-81EE-DB5995734DDD}.Ad-Hoc|x64.ActiveCfg = Release|Any CPU
		{83B35E2B-F278-443F-81EE-DB5995734DDD}.Ad-Hoc|x64.Build.0 = Release|Any CPU
		{83B35E2B-F278-443F-81EE-DB5995734DDD}.Ad-Hoc|x86.ActiveCfg = Release|Any CPU
		{83B35E2B-F278-443F-81EE-DB5995734DDD}.Ad-Hoc|x86.Build.0 = Release|Any CPU
		{83B35E2B-F278-443F-81EE-DB5995734DDD}.AppStore|Any CPU.ActiveCfg = Release|Any CPU
		{83B35E2B-F278-443F-81EE-DB5995734DDD}.AppStore|Any CPU.Build.0 = Release|Any CPU
		{83B35E2B-F278-443F-81EE-DB5995734DDD}.AppStore|ARM.ActiveCfg = Release|Any CPU
		{83B35E2B-F278-443F-81EE-DB5995734DDD}.AppStore|ARM.Build.0 = Release|Any CPU
		{83B35E2B-F278-443F-81EE-DB5995734DDD}.AppStore|iPhone.ActiveCfg = Release|Any CPU
		{83B35E2B-F278-443F-81EE-DB5995734DDD}.AppStore|iPhone.Build.0 = Release|Any CPU
		{83B35E2B-F278-443F-81EE-DB5995734DDD}.AppStore|iPhoneSimulator.ActiveCfg = Release|Any CPU
		{83B35E2B-F278-443F-81EE-DB5995734DDD}.AppStore|iPhoneSimulator.Build.0 = Release|Any CPU
		{83B35E2B-F278-443F-81EE-DB5995734DDD}.AppStore|x64.ActiveCfg = Release|Any CPU
		{83B35E2B-F278-443F-81EE-DB5995734DDD}.AppStore|x64.Build.0 = Release|Any CPU
		{83B35E2B-F278-443F-81EE-DB5995734DDD}.AppStore|x86.ActiveCfg = Release|Any CPU
		{83B35E2B-F278-443F-81EE-DB5995734DDD}.AppStore|x86.Build.0 = Release|Any CPU
		{83B35E2B-F278-443F-81EE-DB5995734DDD}.Debug|Any CPU.ActiveCfg = Debug|Any CPU
		{83B35E2B-F278-443F-81EE-DB5995734DDD}.Debug|Any CPU.Build.0 = Debug|Any CPU
		{83B35E2B-F278-443F-81EE-DB5995734DDD}.Debug|ARM.ActiveCfg = Debug|Any CPU
		{83B35E2B-F278-443F-81EE-DB5995734DDD}.Debug|ARM.Build.0 = Debug|Any CPU
		{83B35E2B-F278-443F-81EE-DB5995734DDD}.Debug|iPhone.ActiveCfg = Debug|Any CPU
		{83B35E2B-F278-443F-81EE-DB5995734DDD}.Debug|iPhone.Build.0 = Debug|Any CPU
		{83B35E2B-F278-443F-81EE-DB5995734DDD}.Debug|iPhoneSimulator.ActiveCfg = Debug|Any CPU
		{83B35E2B-F278-443F-81EE-DB5995734DDD}.Debug|iPhoneSimulator.Build.0 = Debug|Any CPU
		{83B35E2B-F278-443F-81EE-DB5995734DDD}.Debug|x64.ActiveCfg = Debug|Any CPU
		{83B35E2B-F278-443F-81EE-DB5995734DDD}.Debug|x64.Build.0 = Debug|Any CPU
		{83B35E2B-F278-443F-81EE-DB5995734DDD}.Debug|x86.ActiveCfg = Debug|Any CPU
		{83B35E2B-F278-443F-81EE-DB5995734DDD}.Debug|x86.Build.0 = Debug|Any CPU
		{83B35E2B-F278-443F-81EE-DB5995734DDD}.Release|Any CPU.ActiveCfg = Release|Any CPU
		{83B35E2B-F278-443F-81EE-DB5995734DDD}.Release|Any CPU.Build.0 = Release|Any CPU
		{83B35E2B-F278-443F-81EE-DB5995734DDD}.Release|ARM.ActiveCfg = Release|Any CPU
		{83B35E2B-F278-443F-81EE-DB5995734DDD}.Release|ARM.Build.0 = Release|Any CPU
		{83B35E2B-F278-443F-81EE-DB5995734DDD}.Release|iPhone.ActiveCfg = Release|Any CPU
		{83B35E2B-F278-443F-81EE-DB5995734DDD}.Release|iPhone.Build.0 = Release|Any CPU
		{83B35E2B-F278-443F-81EE-DB5995734DDD}.Release|iPhoneSimulator.ActiveCfg = Release|Any CPU
		{83B35E2B-F278-443F-81EE-DB5995734DDD}.Release|iPhoneSimulator.Build.0 = Release|Any CPU
		{83B35E2B-F278-443F-81EE-DB5995734DDD}.Release|x64.ActiveCfg = Release|Any CPU
		{83B35E2B-F278-443F-81EE-DB5995734DDD}.Release|x64.Build.0 = Release|Any CPU
		{83B35E2B-F278-443F-81EE-DB5995734DDD}.Release|x86.ActiveCfg = Release|Any CPU
		{83B35E2B-F278-443F-81EE-DB5995734DDD}.Release|x86.Build.0 = Release|Any CPU
		{3F516911-F19C-49EB-A03F-D4B62A89E0C2}.Ad-Hoc|Any CPU.ActiveCfg = Release|Any CPU
		{3F516911-F19C-49EB-A03F-D4B62A89E0C2}.Ad-Hoc|Any CPU.Build.0 = Release|Any CPU
		{3F516911-F19C-49EB-A03F-D4B62A89E0C2}.Ad-Hoc|ARM.ActiveCfg = Release|Any CPU
		{3F516911-F19C-49EB-A03F-D4B62A89E0C2}.Ad-Hoc|ARM.Build.0 = Release|Any CPU
		{3F516911-F19C-49EB-A03F-D4B62A89E0C2}.Ad-Hoc|iPhone.ActiveCfg = Release|Any CPU
		{3F516911-F19C-49EB-A03F-D4B62A89E0C2}.Ad-Hoc|iPhone.Build.0 = Release|Any CPU
		{3F516911-F19C-49EB-A03F-D4B62A89E0C2}.Ad-Hoc|iPhoneSimulator.ActiveCfg = Release|Any CPU
		{3F516911-F19C-49EB-A03F-D4B62A89E0C2}.Ad-Hoc|iPhoneSimulator.Build.0 = Release|Any CPU
		{3F516911-F19C-49EB-A03F-D4B62A89E0C2}.Ad-Hoc|x64.ActiveCfg = Release|Any CPU
		{3F516911-F19C-49EB-A03F-D4B62A89E0C2}.Ad-Hoc|x64.Build.0 = Release|Any CPU
		{3F516911-F19C-49EB-A03F-D4B62A89E0C2}.Ad-Hoc|x86.ActiveCfg = Release|Any CPU
		{3F516911-F19C-49EB-A03F-D4B62A89E0C2}.Ad-Hoc|x86.Build.0 = Release|Any CPU
		{3F516911-F19C-49EB-A03F-D4B62A89E0C2}.AppStore|Any CPU.ActiveCfg = Release|Any CPU
		{3F516911-F19C-49EB-A03F-D4B62A89E0C2}.AppStore|Any CPU.Build.0 = Release|Any CPU
		{3F516911-F19C-49EB-A03F-D4B62A89E0C2}.AppStore|ARM.ActiveCfg = Release|Any CPU
		{3F516911-F19C-49EB-A03F-D4B62A89E0C2}.AppStore|ARM.Build.0 = Release|Any CPU
		{3F516911-F19C-49EB-A03F-D4B62A89E0C2}.AppStore|iPhone.ActiveCfg = Release|Any CPU
		{3F516911-F19C-49EB-A03F-D4B62A89E0C2}.AppStore|iPhone.Build.0 = Release|Any CPU
		{3F516911-F19C-49EB-A03F-D4B62A89E0C2}.AppStore|iPhoneSimulator.ActiveCfg = Release|Any CPU
		{3F516911-F19C-49EB-A03F-D4B62A89E0C2}.AppStore|iPhoneSimulator.Build.0 = Release|Any CPU
		{3F516911-F19C-49EB-A03F-D4B62A89E0C2}.AppStore|x64.ActiveCfg = Release|Any CPU
		{3F516911-F19C-49EB-A03F-D4B62A89E0C2}.AppStore|x64.Build.0 = Release|Any CPU
		{3F516911-F19C-49EB-A03F-D4B62A89E0C2}.AppStore|x86.ActiveCfg = Release|Any CPU
		{3F516911-F19C-49EB-A03F-D4B62A89E0C2}.AppStore|x86.Build.0 = Release|Any CPU
		{3F516911-F19C-49EB-A03F-D4B62A89E0C2}.Debug|Any CPU.ActiveCfg = Debug|Any CPU
		{3F516911-F19C-49EB-A03F-D4B62A89E0C2}.Debug|Any CPU.Build.0 = Debug|Any CPU
		{3F516911-F19C-49EB-A03F-D4B62A89E0C2}.Debug|ARM.ActiveCfg = Debug|Any CPU
		{3F516911-F19C-49EB-A03F-D4B62A89E0C2}.Debug|ARM.Build.0 = Debug|Any CPU
		{3F516911-F19C-49EB-A03F-D4B62A89E0C2}.Debug|iPhone.ActiveCfg = Debug|Any CPU
		{3F516911-F19C-49EB-A03F-D4B62A89E0C2}.Debug|iPhone.Build.0 = Debug|Any CPU
		{3F516911-F19C-49EB-A03F-D4B62A89E0C2}.Debug|iPhoneSimulator.ActiveCfg = Debug|Any CPU
		{3F516911-F19C-49EB-A03F-D4B62A89E0C2}.Debug|iPhoneSimulator.Build.0 = Debug|Any CPU
		{3F516911-F19C-49EB-A03F-D4B62A89E0C2}.Debug|x64.ActiveCfg = Debug|Any CPU
		{3F516911-F19C-49EB-A03F-D4B62A89E0C2}.Debug|x64.Build.0 = Debug|Any CPU
		{3F516911-F19C-49EB-A03F-D4B62A89E0C2}.Debug|x86.ActiveCfg = Debug|Any CPU
		{3F516911-F19C-49EB-A03F-D4B62A89E0C2}.Debug|x86.Build.0 = Debug|Any CPU
		{3F516911-F19C-49EB-A03F-D4B62A89E0C2}.Release|Any CPU.ActiveCfg = Release|Any CPU
		{3F516911-F19C-49EB-A03F-D4B62A89E0C2}.Release|Any CPU.Build.0 = Release|Any CPU
		{3F516911-F19C-49EB-A03F-D4B62A89E0C2}.Release|ARM.ActiveCfg = Release|Any CPU
		{3F516911-F19C-49EB-A03F-D4B62A89E0C2}.Release|ARM.Build.0 = Release|Any CPU
		{3F516911-F19C-49EB-A03F-D4B62A89E0C2}.Release|iPhone.ActiveCfg = Release|Any CPU
		{3F516911-F19C-49EB-A03F-D4B62A89E0C2}.Release|iPhone.Build.0 = Release|Any CPU
		{3F516911-F19C-49EB-A03F-D4B62A89E0C2}.Release|iPhoneSimulator.ActiveCfg = Release|Any CPU
		{3F516911-F19C-49EB-A03F-D4B62A89E0C2}.Release|iPhoneSimulator.Build.0 = Release|Any CPU
		{3F516911-F19C-49EB-A03F-D4B62A89E0C2}.Release|x64.ActiveCfg = Release|Any CPU
		{3F516911-F19C-49EB-A03F-D4B62A89E0C2}.Release|x64.Build.0 = Release|Any CPU
		{3F516911-F19C-49EB-A03F-D4B62A89E0C2}.Release|x86.ActiveCfg = Release|Any CPU
		{3F516911-F19C-49EB-A03F-D4B62A89E0C2}.Release|x86.Build.0 = Release|Any CPU
	EndGlobalSection
	GlobalSection(SolutionProperties) = preSolution
		HideSolutionNode = FALSE
	EndGlobalSection
	GlobalSection(NestedProjects) = preSolution
		{A43ECA21-C0BD-4034-958A-C4DBEF1F0281} = {DAF1DA42-0BD8-4C80-8E47-77E0B83DB29F}
		{FBC4E739-0C48-4C29-AC0D-B9A6DF84C80F} = {DAF1DA42-0BD8-4C80-8E47-77E0B83DB29F}
		{98D5EAA2-4067-48F5-8EB6-B5FBBDE7F2B0} = {911728D3-571B-48C8-AE74-654BAB0AEE65}
		{83B35E2B-F278-443F-81EE-DB5995734DDD} = {911728D3-571B-48C8-AE74-654BAB0AEE65}
	EndGlobalSection
EndGlobal
